// !$*UTF8*$!
{
	archiveVersion = 1;
	classes = {
	};
	objectVersion = 46;
	objects = {

/* Begin PBXBuildFile section */
		704754A81F4F972A002F7080 /* AppDelegate.swift in Sources */ = {isa = PBXBuildFile; fileRef = 704754A71F4F972A002F7080 /* AppDelegate.swift */; };
		704754AA1F4F972A002F7080 /* ViewController.swift in Sources */ = {isa = PBXBuildFile; fileRef = 704754A91F4F972A002F7080 /* ViewController.swift */; };
		704754AD1F4F972A002F7080 /* Main.storyboard in Resources */ = {isa = PBXBuildFile; fileRef = 704754AB1F4F972A002F7080 /* Main.storyboard */; };
		704754AF1F4F972A002F7080 /* Assets.xcassets in Resources */ = {isa = PBXBuildFile; fileRef = 704754AE1F4F972A002F7080 /* Assets.xcassets */; };
		704754B21F4F972A002F7080 /* LaunchScreen.storyboard in Resources */ = {isa = PBXBuildFile; fileRef = 704754B01F4F972A002F7080 /* LaunchScreen.storyboard */; };
/* End PBXBuildFile section */

/* Begin PBXFileReference section */
		704754A41F4F972A002F7080 /* SayItForMe.app */ = {isa = PBXFileReference; explicitFileType = wrapper.application; includeInIndex = 0; path = SayItForMe.app; sourceTree = BUILT_PRODUCTS_DIR; };
		704754A71F4F972A002F7080 /* AppDelegate.swift */ = {isa = PBXFileReference; lastKnownFileType = sourcecode.swift; path = AppDelegate.swift; sourceTree = "<group>"; };
		704754A91F4F972A002F7080 /* ViewController.swift */ = {isa = PBXFileReference; lastKnownFileType = sourcecode.swift; path = ViewController.swift; sourceTree = "<group>"; };
		704754AC1F4F972A002F7080 /* Base */ = {isa = PBXFileReference; lastKnownFileType = file.storyboard; name = Base; path = Base.lproj/Main.storyboard; sourceTree = "<group>"; };
		704754AE1F4F972A002F7080 /* Assets.xcassets */ = {isa = PBXFileReference; lastKnownFileType = folder.assetcatalog; path = Assets.xcassets; sourceTree = "<group>"; };
		704754B11F4F972A002F7080 /* Base */ = {isa = PBXFileReference; lastKnownFileType = file.storyboard; name = Base; path = Base.lproj/LaunchScreen.storyboard; sourceTree = "<group>"; };
		704754B31F4F972A002F7080 /* Info.plist */ = {isa = PBXFileReference; lastKnownFileType = text.plist.xml; path = Info.plist; sourceTree = "<group>"; };
/* End PBXFileReference section */

/* Begin PBXFrameworksBuildPhase section */
		704754A11F4F972A002F7080 /* Frameworks */ = {
			isa = PBXFrameworksBuildPhase;
			buildActionMask = 2147483647;
			files = (
			);
			runOnlyForDeploymentPostprocessing = 0;
		};
/* End PBXFrameworksBuildPhase section */

/* Begin PBXGroup section */
		7047549B1F4F972A002F7080 = {
			isa = PBXGroup;
			children = (
				704754A61F4F972A002F7080 /* SayItForMe */,
				704754A51F4F972A002F7080 /* Products */,
			);
			sourceTree = "<group>";
		};
		704754A51F4F972A002F7080 /* Products */ = {
			isa = PBXGroup;
			children = (
				704754A41F4F972A002F7080 /* SayItForMe.app */,
			);
			name = Products;
			sourceTree = "<group>";
		};
		704754A61F4F972A002F7080 /* SayItForMe */ = {
			isa = PBXGroup;
			children = (
				704754A71F4F972A002F7080 /* AppDelegate.swift */,
				704754A91F4F972A002F7080 /* ViewController.swift */,
				704754AB1F4F972A002F7080 /* Main.storyboard */,
				704754AE1F4F972A002F7080 /* Assets.xcassets */,
				704754B01F4F972A002F7080 /* LaunchScreen.storyboard */,
				704754B31F4F972A002F7080 /* Info.plist */,
			);
			path = SayItForMe;
			sourceTree = "<group>";
		};
/* End PBXGroup section */

/* Begin PBXNativeTarget section */
		704754A31F4F972A002F7080 /* SayItForMe */ = {
			isa = PBXNativeTarget;
			buildConfigurationList = 704754B61F4F972A002F7080 /* Build configuration list for PBXNativeTarget "SayItForMe" */;
			buildPhases = (
				704754A01F4F972A002F7080 /* Sources */,
				704754A11F4F972A002F7080 /* Frameworks */,
				704754A21F4F972A002F7080 /* Resources */,
			);
			buildRules = (
			);
			dependencies = (
			);
			name = SayItForMe;
			productName = SayItForMe;
			productReference = 704754A41F4F972A002F7080 /* SayItForMe.app */;
			productType = "com.apple.product-type.application";
		};
/* End PBXNativeTarget section */

/* Begin PBXProject section */
		7047549C1F4F972A002F7080 /* Project object */ = {
			isa = PBXProject;
			attributes = {
				LastSwiftUpdateCheck = 0830;
				LastUpgradeCheck = 0830;
				ORGANIZATIONNAME = egoDev;
				TargetAttributes = {
					704754A31F4F972A002F7080 = {
						CreatedOnToolsVersion = 8.3.3;
						DevelopmentTeam = 895Q7MTPTC;
						ProvisioningStyle = Automatic;
					};
				};
			};
			buildConfigurationList = 7047549F1F4F972A002F7080 /* Build configuration list for PBXProject "SayItForMe" */;
			compatibilityVersion = "Xcode 3.2";
			developmentRegion = English;
			hasScannedForEncodings = 0;
			knownRegions = (
				en,
				Base,
			);
			mainGroup = 7047549B1F4F972A002F7080;
			productRefGroup = 704754A51F4F972A002F7080 /* Products */;
			projectDirPath = "";
			projectRoot = "";
			targets = (
				704754A31F4F972A002F7080 /* SayItForMe */,
			);
		};
/* End PBXProject section */

/* Begin PBXResourcesBuildPhase section */
		704754A21F4F972A002F7080 /* Resources */ = {
			isa = PBXResourcesBuildPhase;
			buildActionMask = 2147483647;
			files = (
				704754B21F4F972A002F7080 /* LaunchScreen.storyboard in Resources */,
				704754AF1F4F972A002F7080 /* Assets.xcassets in Resources */,
				704754AD1F4F972A002F7080 /* Main.storyboard in Resources */,
			);
			runOnlyForDeploymentPostprocessing = 0;
		};
/* End PBXResourcesBuildPhase section */

/* Begin PBXSourcesBuildPhase section */
		704754A01F4F972A002F7080 /* Sources */ = {
			isa = PBXSourcesBuildPhase;
			buildActionMask = 2147483647;
			files = (
				704754AA1F4F972A002F7080 /* ViewController.swift in Sources */,
				704754A81F4F972A002F7080 /* AppDelegate.swift in Sources */,
			);
			runOnlyForDeploymentPostprocessing = 0;
		};
/* End PBXSourcesBuildPhase section */

/* Begin PBXVariantGroup section */
		704754AB1F4F972A002F7080 /* Main.storyboard */ = {
			isa = PBXVariantGroup;
			children = (
				704754AC1F4F972A002F7080 /* Base */,
			);
			name = Main.storyboard;
			sourceTree = "<group>";
		};
		704754B01F4F972A002F7080 /* LaunchScreen.storyboard */ = {
			isa = PBXVariantGroup;
			children = (
				704754B11F4F972A002F7080 /* Base */,
			);
			name = LaunchScreen.storyboard;
			sourceTree = "<group>";
		};
/* End PBXVariantGroup section */

/* Begin XCBuildConfiguration section */
		704754B41F4F972A002F7080 /* Debug */ = {
			isa = XCBuildConfiguration;
			buildSettings = {
				ALWAYS_SEARCH_USER_PATHS = NO;
				CLANG_ANALYZER_NONNULL = YES;
				CLANG_ANALYZER_NUMBER_OBJECT_CONVERSION = YES_AGGRESSIVE;
				CLANG_CXX_LANGUAGE_STANDARD = "gnu++0x";
				CLANG_CXX_LIBRARY = "libc++";
				CLANG_ENABLE_MODULES = YES;
				CLANG_ENABLE_OBJC_ARC = YES;
				CLANG_WARN_BOOL_CONVERSION = YES;
				CLANG_WARN_CONSTANT_CONVERSION = YES;
				CLANG_WARN_DIRECT_OBJC_ISA_USAGE = YES_ERROR;
				CLANG_WARN_DOCUMENTATION_COMMENTS = YES;
				CLANG_WARN_EMPTY_BODY = YES;
				CLANG_WARN_ENUM_CONVERSION = YES;
				CLANG_WARN_INFINITE_RECURSION = YES;
				CLANG_WARN_INT_CONVERSION = YES;
				CLANG_WARN_OBJC_ROOT_CLASS = YES_ERROR;
				CLANG_WARN_SUSPICIOUS_MOVE = YES;
				CLANG_WARN_UNREACHABLE_CODE = YES;
				CLANG_WARN__DUPLICATE_METHOD_MATCH = YES;
				"CODE_SIGN_IDENTITY[sdk=iphoneos*]" = "iPhone Developer";
				COPY_PHASE_STRIP = NO;
				DEBUG_INFORMATION_FORMAT = dwarf;
				ENABLE_STRICT_OBJC_MSGSEND = YES;
				ENABLE_TESTABILITY = YES;
				GCC_C_LANGUAGE_STANDARD = gnu99;
				GCC_DYNAMIC_NO_PIC = NO;
				GCC_NO_COMMON_BLOCKS = YES;
				GCC_OPTIMIZATION_LEVEL = 0;
				GCC_PREPROCESSOR_DEFINITIONS = (
					"DEBUG=1",
					"$(inherited)",
				);
				GCC_WARN_64_TO_32_BIT_CONVERSION = YES;
				GCC_WARN_ABOUT_RETURN_TYPE = YES_ERROR;
				GCC_WARN_UNDECLARED_SELECTOR = YES;
				GCC_WARN_UNINITIALIZED_AUTOS = YES_AGGRESSIVE;
				GCC_WARN_UNUSED_FUNCTION = YES;
				GCC_WARN_UNUSED_VARIABLE = YES;
				IPHONEOS_DEPLOYMENT_TARGET = 10.3;
				MTL_ENABLE_DEBUG_INFO = YES;
				ONLY_ACTIVE_ARCH = YES;
				SDKROOT = iphoneos;
				SWIFT_ACTIVE_COMPILATION_CONDITIONS = DEBUG;
				SWIFT_OPTIMIZATION_LEVEL = "-Onone";
				TARGETED_DEVICE_FAMILY = "1,2";
			};
			name = Debug;
		};
		704754B51F4F972A002F7080 /* Release */ = {
			isa = XCBuildConfiguration;
			buildSettings = {
				ALWAYS_SEARCH_USER_PATHS = NO;
				CLANG_ANALYZER_NONNULL = YES;
				CLANG_ANALYZER_NUMBER_OBJECT_CONVERSION = YES_AGGRESSIVE;
				CLANG_CXX_LANGUAGE_STANDARD = "gnu++0x";
				CLANG_CXX_LIBRARY = "libc++";
				CLANG_ENABLE_MODULES = YES;
				CLANG_ENABLE_OBJC_ARC = YES;
				CLANG_WARN_BOOL_CONVERSION = YES;
				CLANG_WARN_CONSTANT_CONVERSION = YES;
				CLANG_WARN_DIRECT_OBJC_ISA_USAGE = YES_ERROR;
				CLANG_WARN_DOCUMENTATION_COMMENTS = YES;
				CLANG_WARN_EMPTY_BODY = YES;
				CLANG_WARN_ENUM_CONVERSION = YES;
				CLANG_WARN_INFINITE_RECURSION = YES;
				CLANG_WARN_INT_CONVERSION = YES;
				CLANG_WARN_OBJC_ROOT_CLASS = YES_ERROR;
				CLANG_WARN_SUSPICIOUS_MOVE = YES;
				CLANG_WARN_UNREACHABLE_CODE = YES;
				CLANG_WARN__DUPLICATE_METHOD_MATCH = YES;
				"CODE_SIGN_IDENTITY[sdk=iphoneos*]" = "iPhone Developer";
				COPY_PHASE_STRIP = NO;
				DEBUG_INFORMATION_FORMAT = "dwarf-with-dsym";
				ENABLE_NS_ASSERTIONS = NO;
				ENABLE_STRICT_OBJC_MSGSEND = YES;
				GCC_C_LANGUAGE_STANDARD = gnu99;
				GCC_NO_COMMON_BLOCKS = YES;
				GCC_WARN_64_TO_32_BIT_CONVERSION = YES;
				GCC_WARN_ABOUT_RETURN_TYPE = YES_ERROR;
				GCC_WARN_UNDECLARED_SELECTOR = YES;
				GCC_WARN_UNINITIALIZED_AUTOS = YES_AGGRESSIVE;
				GCC_WARN_UNUSED_FUNCTION = YES;
				GCC_WARN_UNUSED_VARIABLE = YES;
				IPHONEOS_DEPLOYMENT_TARGET = 10.3;
				MTL_ENABLE_DEBUG_INFO = NO;
				SDKROOT = iphoneos;
				SWIFT_OPTIMIZATION_LEVEL = "-Owholemodule";
				TARGETED_DEVICE_FAMILY = "1,2";
				VALIDATE_PRODUCT = YES;
			};
			name = Release;
		};
		704754B71F4F972A002F7080 /* Debug */ = {
			isa = XCBuildConfiguration;
			buildSettings = {
				ASSETCATALOG_COMPILER_APPICON_NAME = AppIcon;
				DEVELOPMENT_TEAM = 895Q7MTPTC;
				INFOPLIST_FILE = SayItForMe/Info.plist;
				LD_RUNPATH_SEARCH_PATHS = "$(inherited) @executable_path/Frameworks";
				PRODUCT_BUNDLE_IDENTIFIER = co.uk.egodev.SayItForMe;
				PRODUCT_NAME = "$(TARGET_NAME)";
				SWIFT_VERSION = 3.0;
			};
			name = Debug;
		};
		704754B81F4F972A002F7080 /* Release */ = {
			isa = XCBuildConfiguration;
			buildSettings = {
				ASSETCATALOG_COMPILER_APPICON_NAME = AppIcon;
				DEVELOPMENT_TEAM = 895Q7MTPTC;
				INFOPLIST_FILE = SayItForMe/Info.plist;
				LD_RUNPATH_SEARCH_PATHS = "$(inherited) @executable_path/Frameworks";
				PRODUCT_BUNDLE_IDENTIFIER = co.uk.egodev.SayItForMe;
				PRODUCT_NAME = "$(TARGET_NAME)";
				SWIFT_VERSION = 3.0;
			};
			name = Release;
		};
/* End XCBuildConfiguration section */

/* Begin XCConfigurationList section */
		7047549F1F4F972A002F7080 /* Build configuration list for PBXProject "SayItForMe" */ = {
			isa = XCConfigurationList;
			buildConfigurations = (
				704754B41F4F972A002F7080 /* Debug */,
				704754B51F4F972A002F7080 /* Release */,
			);
			defaultConfigurationIsVisible = 0;
			defaultConfigurationName = Release;
		};
		704754B61F4F972A002F7080 /* Build configuration list for PBXNativeTarget "SayItForMe" */ = {
			isa = XCConfigurationList;
			buildConfigurations = (
				704754B71F4F972A002F7080 /* Debug */,
				704754B81F4F972A002F7080 /* Release */,
			);
			defaultConfigurationIsVisible = 0;
		};
/* End XCConfigurationList section */
	};
	rootObject = 7047549C1F4F972A002F7080 /* Project object */;
}
